// !$*UTF8*$!
{
	archiveVersion = 1;
	classes = {
	};
	objectVersion = 50;
	objects = {

/* Begin PBXBuildFile section */
		AA23929D24E1BBE5006B8CB8 /* AppDelegate.swift in Sources */ = {isa = PBXBuildFile; fileRef = AA23929C24E1BBE5006B8CB8 /* AppDelegate.swift */; };
		AA23929F24E1BBE5006B8CB8 /* SceneDelegate.swift in Sources */ = {isa = PBXBuildFile; fileRef = AA23929E24E1BBE5006B8CB8 /* SceneDelegate.swift */; };
		AA2392A224E1BBE5006B8CB8 /* ToDoApp_CoreData.xcdatamodeld in Sources */ = {isa = PBXBuildFile; fileRef = AA2392A024E1BBE5006B8CB8 /* ToDoApp_CoreData.xcdatamodeld */; };
		AA2392A424E1BBE5006B8CB8 /* ContentView.swift in Sources */ = {isa = PBXBuildFile; fileRef = AA2392A324E1BBE5006B8CB8 /* ContentView.swift */; };
		AA2392A624E1BBE6006B8CB8 /* Assets.xcassets in Resources */ = {isa = PBXBuildFile; fileRef = AA2392A524E1BBE6006B8CB8 /* Assets.xcassets */; };
		AA2392A924E1BBE6006B8CB8 /* Preview Assets.xcassets in Resources */ = {isa = PBXBuildFile; fileRef = AA2392A824E1BBE6006B8CB8 /* Preview Assets.xcassets */; };
		AA2392AC24E1BBE6006B8CB8 /* LaunchScreen.storyboard in Resources */ = {isa = PBXBuildFile; fileRef = AA2392AA24E1BBE6006B8CB8 /* LaunchScreen.storyboard */; };
		AA2392B524E1BC31006B8CB8 /* CoreDataManager.swift in Sources */ = {isa = PBXBuildFile; fileRef = AA2392B424E1BC31006B8CB8 /* CoreDataManager.swift */; };
		AA2392B724E1BDA9006B8CB8 /* TaskViewModel.swift in Sources */ = {isa = PBXBuildFile; fileRef = AA2392B624E1BDA9006B8CB8 /* TaskViewModel.swift */; };
		AA2392BB24E1BE78006B8CB8 /* Task+CoreDataClass.swift in Sources */ = {isa = PBXBuildFile; fileRef = AA2392B924E1BE78006B8CB8 /* Task+CoreDataClass.swift */; };
		AA2392BC24E1BE78006B8CB8 /* Task+CoreDataProperties.swift in Sources */ = {isa = PBXBuildFile; fileRef = AA2392BA24E1BE78006B8CB8 /* Task+CoreDataProperties.swift */; };
		AA2392BE24E1BF7F006B8CB8 /* TaskListViewModel.swift in Sources */ = {isa = PBXBuildFile; fileRef = AA2392BD24E1BF7F006B8CB8 /* TaskListViewModel.swift */; };
		AA2392C124E1C0E5006B8CB8 /* DetailView.swift in Sources */ = {isa = PBXBuildFile; fileRef = AA2392C024E1C0E5006B8CB8 /* DetailView.swift */; };
		AA2392C324E1C0F2006B8CB8 /* AddTaskView.swift in Sources */ = {isa = PBXBuildFile; fileRef = AA2392C224E1C0F2006B8CB8 /* AddTaskView.swift */; };
/* End PBXBuildFile section */

/* Begin PBXFileReference section */
		AA23929924E1BBE5006B8CB8 /* ToDoApp+CoreData.app */ = {isa = PBXFileReference; explicitFileType = wrapper.application; includeInIndex = 0; path = "ToDoApp+CoreData.app"; sourceTree = BUILT_PRODUCTS_DIR; };
		AA23929C24E1BBE5006B8CB8 /* AppDelegate.swift */ = {isa = PBXFileReference; lastKnownFileType = sourcecode.swift; path = AppDelegate.swift; sourceTree = "<group>"; };
		AA23929E24E1BBE5006B8CB8 /* SceneDelegate.swift */ = {isa = PBXFileReference; lastKnownFileType = sourcecode.swift; path = SceneDelegate.swift; sourceTree = "<group>"; };
		AA2392A124E1BBE5006B8CB8 /* ToDoApp_CoreData.xcdatamodel */ = {isa = PBXFileReference; lastKnownFileType = wrapper.xcdatamodel; path = ToDoApp_CoreData.xcdatamodel; sourceTree = "<group>"; };
		AA2392A324E1BBE5006B8CB8 /* ContentView.swift */ = {isa = PBXFileReference; lastKnownFileType = sourcecode.swift; path = ContentView.swift; sourceTree = "<group>"; };
		AA2392A524E1BBE6006B8CB8 /* Assets.xcassets */ = {isa = PBXFileReference; lastKnownFileType = folder.assetcatalog; path = Assets.xcassets; sourceTree = "<group>"; };
		AA2392A824E1BBE6006B8CB8 /* Preview Assets.xcassets */ = {isa = PBXFileReference; lastKnownFileType = folder.assetcatalog; path = "Preview Assets.xcassets"; sourceTree = "<group>"; };
		AA2392AB24E1BBE6006B8CB8 /* Base */ = {isa = PBXFileReference; lastKnownFileType = file.storyboard; name = Base; path = Base.lproj/LaunchScreen.storyboard; sourceTree = "<group>"; };
		AA2392AD24E1BBE6006B8CB8 /* Info.plist */ = {isa = PBXFileReference; lastKnownFileType = text.plist.xml; path = Info.plist; sourceTree = "<group>"; };
		AA2392B424E1BC31006B8CB8 /* CoreDataManager.swift */ = {isa = PBXFileReference; lastKnownFileType = sourcecode.swift; path = CoreDataManager.swift; sourceTree = "<group>"; };
		AA2392B624E1BDA9006B8CB8 /* TaskViewModel.swift */ = {isa = PBXFileReference; lastKnownFileType = sourcecode.swift; path = TaskViewModel.swift; sourceTree = "<group>"; };
		AA2392B924E1BE78006B8CB8 /* Task+CoreDataClass.swift */ = {isa = PBXFileReference; lastKnownFileType = sourcecode.swift; path = "Task+CoreDataClass.swift"; sourceTree = "<group>"; };
		AA2392BA24E1BE78006B8CB8 /* Task+CoreDataProperties.swift */ = {isa = PBXFileReference; lastKnownFileType = sourcecode.swift; path = "Task+CoreDataProperties.swift"; sourceTree = "<group>"; };
		AA2392BD24E1BF7F006B8CB8 /* TaskListViewModel.swift */ = {isa = PBXFileReference; lastKnownFileType = sourcecode.swift; path = TaskListViewModel.swift; sourceTree = "<group>"; };
		AA2392C024E1C0E5006B8CB8 /* DetailView.swift */ = {isa = PBXFileReference; lastKnownFileType = sourcecode.swift; path = DetailView.swift; sourceTree = "<group>"; };
		AA2392C224E1C0F2006B8CB8 /* AddTaskView.swift */ = {isa = PBXFileReference; lastKnownFileType = sourcecode.swift; path = AddTaskView.swift; sourceTree = "<group>"; };
/* End PBXFileReference section */

/* Begin PBXFrameworksBuildPhase section */
		AA23929624E1BBE5006B8CB8 /* Frameworks */ = {
			isa = PBXFrameworksBuildPhase;
			buildActionMask = 2147483647;
			files = (
			);
			runOnlyForDeploymentPostprocessing = 0;
		};
/* End PBXFrameworksBuildPhase section */

/* Begin PBXGroup section */
		AA23929024E1BBE5006B8CB8 = {
			isa = PBXGroup;
			children = (
				AA23929B24E1BBE5006B8CB8 /* ToDoApp+CoreData */,
				AA23929A24E1BBE5006B8CB8 /* Products */,
			);
			sourceTree = "<group>";
		};
		AA23929A24E1BBE5006B8CB8 /* Products */ = {
			isa = PBXGroup;
			children = (
				AA23929924E1BBE5006B8CB8 /* ToDoApp+CoreData.app */,
			);
			name = Products;
			sourceTree = "<group>";
		};
		AA23929B24E1BBE5006B8CB8 /* ToDoApp+CoreData */ = {
			isa = PBXGroup;
			children = (
				AA2392BF24E1C0CF006B8CB8 /* Views */,
				AA2392B824E1BE65006B8CB8 /* Models */,
				AA2392B324E1BC20006B8CB8 /* View Models */,
				AA23929C24E1BBE5006B8CB8 /* AppDelegate.swift */,
				AA23929E24E1BBE5006B8CB8 /* SceneDelegate.swift */,
				AA2392A324E1BBE5006B8CB8 /* ContentView.swift */,
				AA2392B424E1BC31006B8CB8 /* CoreDataManager.swift */,
				AA2392A524E1BBE6006B8CB8 /* Assets.xcassets */,
				AA2392AA24E1BBE6006B8CB8 /* LaunchScreen.storyboard */,
				AA2392AD24E1BBE6006B8CB8 /* Info.plist */,
				AA2392A024E1BBE5006B8CB8 /* ToDoApp_CoreData.xcdatamodeld */,
				AA2392A724E1BBE6006B8CB8 /* Preview Content */,
			);
			path = "ToDoApp+CoreData";
			sourceTree = "<group>";
		};
		AA2392A724E1BBE6006B8CB8 /* Preview Content */ = {
			isa = PBXGroup;
			children = (
				AA2392A824E1BBE6006B8CB8 /* Preview Assets.xcassets */,
			);
			path = "Preview Content";
			sourceTree = "<group>";
		};
		AA2392B324E1BC20006B8CB8 /* View Models */ = {
			isa = PBXGroup;
			children = (
				AA2392B624E1BDA9006B8CB8 /* TaskViewModel.swift */,
				AA2392BD24E1BF7F006B8CB8 /* TaskListViewModel.swift */,
			);
			path = "View Models";
			sourceTree = "<group>";
		};
		AA2392B824E1BE65006B8CB8 /* Models */ = {
			isa = PBXGroup;
			children = (
				AA2392B924E1BE78006B8CB8 /* Task+CoreDataClass.swift */,
				AA2392BA24E1BE78006B8CB8 /* Task+CoreDataProperties.swift */,
			);
			path = Models;
			sourceTree = "<group>";
		};
		AA2392BF24E1C0CF006B8CB8 /* Views */ = {
			isa = PBXGroup;
			children = (
				AA2392C024E1C0E5006B8CB8 /* DetailView.swift */,
				AA2392C224E1C0F2006B8CB8 /* AddTaskView.swift */,
			);
			path = Views;
			sourceTree = "<group>";
		};
/* End PBXGroup section */

/* Begin PBXNativeTarget section */
		AA23929824E1BBE5006B8CB8 /* ToDoApp+CoreData */ = {
			isa = PBXNativeTarget;
			buildConfigurationList = AA2392B024E1BBE6006B8CB8 /* Build configuration list for PBXNativeTarget "ToDoApp+CoreData" */;
			buildPhases = (
				AA23929524E1BBE5006B8CB8 /* Sources */,
				AA23929624E1BBE5006B8CB8 /* Frameworks */,
				AA23929724E1BBE5006B8CB8 /* Resources */,
			);
			buildRules = (
			);
			dependencies = (
			);
			name = "ToDoApp+CoreData";
			productName = "ToDoApp+CoreData";
			productReference = AA23929924E1BBE5006B8CB8 /* ToDoApp+CoreData.app */;
			productType = "com.apple.product-type.application";
		};
/* End PBXNativeTarget section */

/* Begin PBXProject section */
		AA23929124E1BBE5006B8CB8 /* Project object */ = {
			isa = PBXProject;
			attributes = {
				LastSwiftUpdateCheck = 1160;
				LastUpgradeCheck = 1160;
				ORGANIZATIONNAME = "Mark Henrich";
				TargetAttributes = {
					AA23929824E1BBE5006B8CB8 = {
						CreatedOnToolsVersion = 11.6;
					};
				};
			};
			buildConfigurationList = AA23929424E1BBE5006B8CB8 /* Build configuration list for PBXProject "ToDoApp+CoreData" */;
			compatibilityVersion = "Xcode 9.3";
			developmentRegion = en;
			hasScannedForEncodings = 0;
			knownRegions = (
				en,
				Base,
			);
			mainGroup = AA23929024E1BBE5006B8CB8;
			productRefGroup = AA23929A24E1BBE5006B8CB8 /* Products */;
			projectDirPath = "";
			projectRoot = "";
			targets = (
				AA23929824E1BBE5006B8CB8 /* ToDoApp+CoreData */,
			);
		};
/* End PBXProject section */

/* Begin PBXResourcesBuildPhase section */
		AA23929724E1BBE5006B8CB8 /* Resources */ = {
			isa = PBXResourcesBuildPhase;
			buildActionMask = 2147483647;
			files = (
				AA2392AC24E1BBE6006B8CB8 /* LaunchScreen.storyboard in Resources */,
				AA2392A924E1BBE6006B8CB8 /* Preview Assets.xcassets in Resources */,
				AA2392A624E1BBE6006B8CB8 /* Assets.xcassets in Resources */,
			);
			runOnlyForDeploymentPostprocessing = 0;
		};
/* End PBXResourcesBuildPhase section */

/* Begin PBXSourcesBuildPhase section */
		AA23929524E1BBE5006B8CB8 /* Sources */ = {
			isa = PBXSourcesBuildPhase;
			buildActionMask = 2147483647;
			files = (
				AA2392C324E1C0F2006B8CB8 /* AddTaskView.swift in Sources */,
				AA23929D24E1BBE5006B8CB8 /* AppDelegate.swift in Sources */,
				AA2392B724E1BDA9006B8CB8 /* TaskViewModel.swift in Sources */,
				AA2392BB24E1BE78006B8CB8 /* Task+CoreDataClass.swift in Sources */,
				AA2392C124E1C0E5006B8CB8 /* DetailView.swift in Sources */,
				AA2392A224E1BBE5006B8CB8 /* ToDoApp_CoreData.xcdatamodeld in Sources */,
				AA2392A424E1BBE5006B8CB8 /* ContentView.swift in Sources */,
				AA2392BE24E1BF7F006B8CB8 /* TaskListViewModel.swift in Sources */,
				AA2392B524E1BC31006B8CB8 /* CoreDataManager.swift in Sources */,
				AA2392BC24E1BE78006B8CB8 /* Task+CoreDataProperties.swift in Sources */,
				AA23929F24E1BBE5006B8CB8 /* SceneDelegate.swift in Sources */,
			);
			runOnlyForDeploymentPostprocessing = 0;
		};
/* End PBXSourcesBuildPhase section */

/* Begin PBXVariantGroup section */
		AA2392AA24E1BBE6006B8CB8 /* LaunchScreen.storyboard */ = {
			isa = PBXVariantGroup;
			children = (
				AA2392AB24E1BBE6006B8CB8 /* Base */,
			);
			name = LaunchScreen.storyboard;
			sourceTree = "<group>";
		};
/* End PBXVariantGroup section */

/* Begin XCBuildConfiguration section */
		AA2392AE24E1BBE6006B8CB8 /* Debug */ = {
			isa = XCBuildConfiguration;
			buildSettings = {
				ALWAYS_SEARCH_USER_PATHS = NO;
				CLANG_ANALYZER_NONNULL = YES;
				CLANG_ANALYZER_NUMBER_OBJECT_CONVERSION = YES_AGGRESSIVE;
				CLANG_CXX_LANGUAGE_STANDARD = "gnu++14";
				CLANG_CXX_LIBRARY = "libc++";
				CLANG_ENABLE_MODULES = YES;
				CLANG_ENABLE_OBJC_ARC = YES;
				CLANG_ENABLE_OBJC_WEAK = YES;
				CLANG_WARN_BLOCK_CAPTURE_AUTORELEASING = YES;
				CLANG_WARN_BOOL_CONVERSION = YES;
				CLANG_WARN_COMMA = YES;
				CLANG_WARN_CONSTANT_CONVERSION = YES;
				CLANG_WARN_DEPRECATED_OBJC_IMPLEMENTATIONS = YES;
				CLANG_WARN_DIRECT_OBJC_ISA_USAGE = YES_ERROR;
				CLANG_WARN_DOCUMENTATION_COMMENTS = YES;
				CLANG_WARN_EMPTY_BODY = YES;
				CLANG_WARN_ENUM_CONVERSION = YES;
				CLANG_WARN_INFINITE_RECURSION = YES;
				CLANG_WARN_INT_CONVERSION = YES;
				CLANG_WARN_NON_LITERAL_NULL_CONVERSION = YES;
				CLANG_WARN_OBJC_IMPLICIT_RETAIN_SELF = YES;
				CLANG_WARN_OBJC_LITERAL_CONVERSION = YES;
				CLANG_WARN_OBJC_ROOT_CLASS = YES_ERROR;
				CLANG_WARN_RANGE_LOOP_ANALYSIS = YES;
				CLANG_WARN_STRICT_PROTOTYPES = YES;
				CLANG_WARN_SUSPICIOUS_MOVE = YES;
				CLANG_WARN_UNGUARDED_AVAILABILITY = YES_AGGRESSIVE;
				CLANG_WARN_UNREACHABLE_CODE = YES;
				CLANG_WARN__DUPLICATE_METHOD_MATCH = YES;
				COPY_PHASE_STRIP = NO;
				DEBUG_INFORMATION_FORMAT = dwarf;
				ENABLE_STRICT_OBJC_MSGSEND = YES;
				ENABLE_TESTABILITY = YES;
				GCC_C_LANGUAGE_STANDARD = gnu11;
				GCC_DYNAMIC_NO_PIC = NO;
				GCC_NO_COMMON_BLOCKS = YES;
				GCC_OPTIMIZATION_LEVEL = 0;
				GCC_PREPROCESSOR_DEFINITIONS = (
					"DEBUG=1",
					"$(inherited)",
				);
				GCC_WARN_64_TO_32_BIT_CONVERSION = YES;
				GCC_WARN_ABOUT_RETURN_TYPE = YES_ERROR;
				GCC_WARN_UNDECLARED_SELECTOR = YES;
				GCC_WARN_UNINITIALIZED_AUTOS = YES_AGGRESSIVE;
				GCC_WARN_UNUSED_FUNCTION = YES;
				GCC_WARN_UNUSED_VARIABLE = YES;
				IPHONEOS_DEPLOYMENT_TARGET = 13.6;
				MTL_ENABLE_DEBUG_INFO = INCLUDE_SOURCE;
				MTL_FAST_MATH = YES;
				ONLY_ACTIVE_ARCH = YES;
				SDKROOT = iphoneos;
				SWIFT_ACTIVE_COMPILATION_CONDITIONS = DEBUG;
				SWIFT_OPTIMIZATION_LEVEL = "-Onone";
			};
			name = Debug;
		};
		AA2392AF24E1BBE6006B8CB8 /* Release */ = {
			isa = XCBuildConfiguration;
			buildSettings = {
				ALWAYS_SEARCH_USER_PATHS = NO;
				CLANG_ANALYZER_NONNULL = YES;
				CLANG_ANALYZER_NUMBER_OBJECT_CONVERSION = YES_AGGRESSIVE;
				CLANG_CXX_LANGUAGE_STANDARD = "gnu++14";
				CLANG_CXX_LIBRARY = "libc++";
				CLANG_ENABLE_MODULES = YES;
				CLANG_ENABLE_OBJC_ARC = YES;
				CLANG_ENABLE_OBJC_WEAK = YES;
				CLANG_WARN_BLOCK_CAPTURE_AUTORELEASING = YES;
				CLANG_WARN_BOOL_CONVERSION = YES;
				CLANG_WARN_COMMA = YES;
				CLANG_WARN_CONSTANT_CONVERSION = YES;
				CLANG_WARN_DEPRECATED_OBJC_IMPLEMENTATIONS = YES;
				CLANG_WARN_DIRECT_OBJC_ISA_USAGE = YES_ERROR;
				CLANG_WARN_DOCUMENTATION_COMMENTS = YES;
				CLANG_WARN_EMPTY_BODY = YES;
				CLANG_WARN_ENUM_CONVERSION = YES;
				CLANG_WARN_INFINITE_RECURSION = YES;
				CLANG_WARN_INT_CONVERSION = YES;
				CLANG_WARN_NON_LITERAL_NULL_CONVERSION = YES;
				CLANG_WARN_OBJC_IMPLICIT_RETAIN_SELF = YES;
				CLANG_WARN_OBJC_LITERAL_CONVERSION = YES;
				CLANG_WARN_OBJC_ROOT_CLASS = YES_ERROR;
				CLANG_WARN_RANGE_LOOP_ANALYSIS = YES;
				CLANG_WARN_STRICT_PROTOTYPES = YES;
				CLANG_WARN_SUSPICIOUS_MOVE = YES;
				CLANG_WARN_UNGUARDED_AVAILABILITY = YES_AGGRESSIVE;
				CLANG_WARN_UNREACHABLE_CODE = YES;
				CLANG_WARN__DUPLICATE_METHOD_MATCH = YES;
				COPY_PHASE_STRIP = NO;
				DEBUG_INFORMATION_FORMAT = "dwarf-with-dsym";
				ENABLE_NS_ASSERTIONS = NO;
				ENABLE_STRICT_OBJC_MSGSEND = YES;
				GCC_C_LANGUAGE_STANDARD = gnu11;
				GCC_NO_COMMON_BLOCKS = YES;
				GCC_WARN_64_TO_32_BIT_CONVERSION = YES;
				GCC_WARN_ABOUT_RETURN_TYPE = YES_ERROR;
				GCC_WARN_UNDECLARED_SELECTOR = YES;
				GCC_WARN_UNINITIALIZED_AUTOS = YES_AGGRESSIVE;
				GCC_WARN_UNUSED_FUNCTION = YES;
				GCC_WARN_UNUSED_VARIABLE = YES;
				IPHONEOS_DEPLOYMENT_TARGET = 13.6;
				MTL_ENABLE_DEBUG_INFO = NO;
				MTL_FAST_MATH = YES;
				SDKROOT = iphoneos;
				SWIFT_COMPILATION_MODE = wholemodule;
				SWIFT_OPTIMIZATION_LEVEL = "-O";
				VALIDATE_PRODUCT = YES;
			};
			name = Release;
		};
		AA2392B124E1BBE6006B8CB8 /* Debug */ = {
			isa = XCBuildConfiguration;
			buildSettings = {
				ASSETCATALOG_COMPILER_APPICON_NAME = AppIcon;
				CODE_SIGN_STYLE = Automatic;
				DEVELOPMENT_ASSET_PATHS = "\"ToDoApp+CoreData/Preview Content\"";
				DEVELOPMENT_TEAM = 43CCZ475Z8;
				ENABLE_PREVIEWS = YES;
				INFOPLIST_FILE = "ToDoApp+CoreData/Info.plist";
				LD_RUNPATH_SEARCH_PATHS = (
					"$(inherited)",
					"@executable_path/Frameworks",
				);
				PRODUCT_BUNDLE_IDENTIFIER = "com.mark.henrich.ToDoApp-CoreData";
				PRODUCT_NAME = "$(TARGET_NAME)";
				SWIFT_VERSION = 5.0;
				TARGETED_DEVICE_FAMILY = "1,2";
			};
			name = Debug;
		};
		AA2392B224E1BBE6006B8CB8 /* Release */ = {
			isa = XCBuildConfiguration;
			buildSettings = {
				ASSETCATALOG_COMPILER_APPICON_NAME = AppIcon;
				CODE_SIGN_STYLE = Automatic;
				DEVELOPMENT_ASSET_PATHS = "\"ToDoApp+CoreData/Preview Content\"";
				DEVELOPMENT_TEAM = 43CCZ475Z8;
				ENABLE_PREVIEWS = YES;
				INFOPLIST_FILE = "ToDoApp+CoreData/Info.plist";
				LD_RUNPATH_SEARCH_PATHS = (
					"$(inherited)",
					"@executable_path/Frameworks",
				);
				PRODUCT_BUNDLE_IDENTIFIER = "com.mark.henrich.ToDoApp-CoreData";
				PRODUCT_NAME = "$(TARGET_NAME)";
				SWIFT_VERSION = 5.0;
				TARGETED_DEVICE_FAMILY = "1,2";
			};
			name = Release;
		};
/* End XCBuildConfiguration section */

/* Begin XCConfigurationList section */
		AA23929424E1BBE5006B8CB8 /* Build configuration list for PBXProject "ToDoApp+CoreData" */ = {
			isa = XCConfigurationList;
			buildConfigurations = (
				AA2392AE24E1BBE6006B8CB8 /* Debug */,
				AA2392AF24E1BBE6006B8CB8 /* Release */,
			);
			defaultConfigurationIsVisible = 0;
			defaultConfigurationName = Release;
		};
		AA2392B024E1BBE6006B8CB8 /* Build configuration list for PBXNativeTarget "ToDoApp+CoreData" */ = {
			isa = XCConfigurationList;
			buildConfigurations = (
				AA2392B124E1BBE6006B8CB8 /* Debug */,
				AA2392B224E1BBE6006B8CB8 /* Release */,
			);
			defaultConfigurationIsVisible = 0;
			defaultConfigurationName = Release;
		};
/* End XCConfigurationList section */

/* Begin XCVersionGroup section */
		AA2392A024E1BBE5006B8CB8 /* ToDoApp_CoreData.xcdatamodeld */ = {
			isa = XCVersionGroup;
			children = (
				AA2392A124E1BBE5006B8CB8 /* ToDoApp_CoreData.xcdatamodel */,
			);
			currentVersion = AA2392A124E1BBE5006B8CB8 /* ToDoApp_CoreData.xcdatamodel */;
			path = ToDoApp_CoreData.xcdatamodeld;
			sourceTree = "<group>";
			versionGroupType = wrapper.xcdatamodel;
		};
/* End XCVersionGroup section */
	};
	rootObject = AA23929124E1BBE5006B8CB8 /* Project object */;
}
